# This file is autogenerated, do not edit; changes may be undone by the next 'dep ensure'.


[[projects]]
  branch = "patch"
  name = "github.com/PagerDuty/godspeed"
  packages = ["."]
  revision = "7e86651377bfaeaea53876ce075a5a226f8ab616"
  source = "github.com/redsift/godspeed"

[[projects]]
  name = "github.com/ajstarks/svgo"
  packages = ["."]
  revision = "a7778b8b562eca0ba5b3d4a58e2f17e5800d93fb"

[[projects]]
  branch = "master"
  name = "github.com/golang/freetype"
  packages = [
    ".",
    "raster",
    "truetype"
  ]
  revision = "e2365dfdc4a05e4b8299a783240d4a7d5a65d4e4"

[[projects]]
  branch = "master"
  name = "github.com/llgcode/draw2d"
  packages = [
    ".",
    "draw2dbase",
    "draw2dimg"
  ]
  revision = "50aafedab485a360a03c4763631448285d324125"

[[projects]]
  branch = "master"
  name = "github.com/redsift/go-errs"
  packages = ["."]
  revision = "084848d4071627d748dedaa821ee88bf2fa7d032"

[[projects]]
  branch = "master"
  name = "github.com/redsift/go-foodfans"
  packages = [
    ".",
    "lookup"
  ]
  revision = "6c6e105f4a3333b501ab036ce34f4430fa19be9b"

[[projects]]
  branch = "master"
  name = "github.com/redsift/go-stats"
  packages = ["stats"]
  revision = "5d40245b5f04abc12e77ab954b858d3b991e3ade"

[[projects]]
  name = "github.com/vdobler/chart"
  packages = [
    ".",
    "imgg",
    "svgg",
    "txtg"
  ]
  revision = "293b01f8b75d94214d56586bf8362d14e15533fd"

[[projects]]
  branch = "master"
  name = "golang.org/x/image"
  packages = [
    "draw",
    "font",
    "math/f64",
    "math/fixed"
  ]
  revision = "12117c17ca67ffa1ce22e9409f3b0b0a93ac08c7"

[[projects]]
  branch = "master"
  name = "golang.org/x/net"
  packages = ["context"]
  revision = "5ccada7d0a7ba9aeb5d3aca8d3501b4c2a509fec"

[solve-meta]
  analyzer-name = "dep"
  analyzer-version = 1
  inputs-digest = "4133dfad282ebbaa1836cfea248937589e63dddc7866251db119c5624815da04"
  solver-name = "gps-cdcl"
  solver-version = 1
